{
  "name": "js-typescript-app",
  "version": "1.0.0",
  "lockfileVersion": 1,
  "requires": true,
  "dependencies": {
    "@types/arcgis-js-api": {
      "version": "4.13.0",
      "resolved": "https://registry.npmjs.org/@types/arcgis-js-api/-/arcgis-js-api-4.13.0.tgz",
      "integrity": "sha512-b57TD45v8/lsLPqZJaEShL50+xfg+smm8TWOjTM/lkplXygCpHgWxtgWGX/XGfGxsasS/4bbXbduuSc1RbdrgQ=="
    }
  }
}
